
Microsoft Visual Studio Solution File, Format Version 12.00
# Visual Studio Version 17
VisualStudioVersion = 17.9.34723.18
MinimumVisualStudioVersion = 10.0.40219.1
Project("{9A19103F-16F7-4668-BE54-9A1E7A4F7556}") = "Proyecto_Resenas_CQS", "Proyecto_Resenas_CQS\Proyecto_Resenas_CQS.csproj", "{AF522784-77EC-4347-91DB-F12789217176}"
EndProject
Project("{FAE04EC0-301F-11D3-BF4B-00C04F79EFBC}") = "ProyectoResena.AccesoDatos", "ProyectoResena.AccesoDatos\ProyectoResena.AccesoDatos.csproj", "{F2451B82-8747-4043-ACB2-E6643D940D79}"
EndProject
Project("{FAE04EC0-301F-11D3-BF4B-00C04F79EFBC}") = "ProyectoResenas.Models", "ProyectoResenas.Models\ProyectoResenas.Models.csproj", "{FC9FFDE9-17C7-4A0D-89E8-88847C8BE056}"
EndProject
Project("{FAE04EC0-301F-11D3-BF4B-00C04F79EFBC}") = "ProyectoResenas.Utilidades", "ProyectoResenas.Utilidades\ProyectoResenas.Utilidades.csproj", "{C875A672-493A-41D8-BD85-F0FBF8869172}"
EndProject
Global
	GlobalSection(SolutionConfigurationPlatforms) = preSolution
		Debug|Any CPU = Debug|Any CPU
		Release|Any CPU = Release|Any CPU
	EndGlobalSection
	GlobalSection(ProjectConfigurationPlatforms) = postSolution
		{AF522784-77EC-4347-91DB-F12789217176}.Debug|Any CPU.ActiveCfg = Debug|Any CPU
		{AF522784-77EC-4347-91DB-F12789217176}.Debug|Any CPU.Build.0 = Debug|Any CPU
		{AF522784-77EC-4347-91DB-F12789217176}.Release|Any CPU.ActiveCfg = Release|Any CPU
		{AF522784-77EC-4347-91DB-F12789217176}.Release|Any CPU.Build.0 = Release|Any CPU
		{F2451B82-8747-4043-ACB2-E6643D940D79}.Debug|Any CPU.ActiveCfg = Debug|Any CPU
		{F2451B82-8747-4043-ACB2-E6643D940D79}.Debug|Any CPU.Build.0 = Debug|Any CPU
		{F2451B82-8747-4043-ACB2-E6643D940D79}.Release|Any CPU.ActiveCfg = Release|Any CPU
		{F2451B82-8747-4043-ACB2-E6643D940D79}.Release|Any CPU.Build.0 = Release|Any CPU
		{FC9FFDE9-17C7-4A0D-89E8-88847C8BE056}.Debug|Any CPU.ActiveCfg = Debug|Any CPU
		{FC9FFDE9-17C7-4A0D-89E8-88847C8BE056}.Debug|Any CPU.Build.0 = Debug|Any CPU
		{FC9FFDE9-17C7-4A0D-89E8-88847C8BE056}.Release|Any CPU.ActiveCfg = Release|Any CPU
		{FC9FFDE9-17C7-4A0D-89E8-88847C8BE056}.Release|Any CPU.Build.0 = Release|Any CPU
		{C875A672-493A-41D8-BD85-F0FBF8869172}.Debug|Any CPU.ActiveCfg = Debug|Any CPU
		{C875A672-493A-41D8-BD85-F0FBF8869172}.Debug|Any CPU.Build.0 = Debug|Any CPU
		{C875A672-493A-41D8-BD85-F0FBF8869172}.Release|Any CPU.ActiveCfg = Release|Any CPU
		{C875A672-493A-41D8-BD85-F0FBF8869172}.Release|Any CPU.Build.0 = Release|Any CPU
	EndGlobalSection
	GlobalSection(SolutionProperties) = preSolution
		HideSolutionNode = FALSE
	EndGlobalSection
	GlobalSection(ExtensibilityGlobals) = postSolution
		SolutionGuid = {25C2B6A6-73BF-484D-87F4-81A1270719E6}
	EndGlobalSection
EndGlobal
